langcode: en
status: true
dependencies:
  module:
    - dsi_block
    - system
  theme:
    - materialize
id: materialize_header_search_block
theme: materialize
region: header_main
weight: 0
provider: null
plugin: header_search_block
settings:
  id: header_search_block
  label: 'Header search block'
  provider: dsi_block
  label_display: '0'
visibility: { }
