langcode: en
status: true
dependencies:
  module:
    - dsi_block
    - system
  theme:
    - materialize
id: materialize_user_navbar_right_block
theme: materialize
region: header_main
weight: 0
provider: null
plugin: user_navbar_right_block
settings:
  id: user_navbar_right_block
  label: 'User navbar right block'
  provider: dsi_block
  label_display: '0'
visibility: { }
