langcode: en
status: true
dependencies:
  module:
    - dsi_block
  theme:
    - materialize
id: materialize_brand_sidebar_block
theme: materialize
region: sidebar_first
weight: 0
provider: null
plugin: brand_sidebar_block
settings:
  id: brand_sidebar_block
  label: 'Brand sidebar block'
  provider: dsi_block
  label_display: '0'
  use_site_logo: 1
  use_site_name: 1
  use_site_slogan: 1
  use_site_logo_mini: 1
visibility: { }
