langcode: en
status: true
dependencies:
  enforced:
    theme:
      - barrios
  module:
    - news
  theme:
    - barrios
id: barrios_related_news_block
theme: barrios
region: sidebar_second
weight: 0
provider: null
plugin: news_related_block
settings:
  id: news_related_block
  label: 'Related news'
  provider: news
  label_display: '0'
visibility: {  }
