langcode: en
status: true
dependencies:
  module:
    - block_style_plugins
    - dsi_color_block
  theme:
    - dsi_color
id: dsi_color_navbar_profile_block
theme: dsi_color
region: sidebar_first
weight: -4
provider: null
plugin: dsi_navbar_profile_block
settings:
  id: dsi_navbar_profile_block
  label: 'Navbar profile block'
  provider: dsi_color_block
  label_display: '0'
visibility: {  }
